
Microsoft Visual Studio Solution File, Format Version 12.00
# Visual Studio Version 17
VisualStudioVersion = 17.13.35931.197 d17.13
MinimumVisualStudioVersion = 10.0.40219.1
Project("{FAE04EC0-301F-11D3-BF4B-00C04F79EFBC}") = "FirstCSharpApp", "FirstCSharpApp.csproj", "{719D5159-CCA5-4572-A9E3-89F719C93BC1}"
EndProject
Global
	GlobalSection(SolutionConfigurationPlatforms) = preSolution
		Debug|Any CPU = Debug|Any CPU
		Release|Any CPU = Release|Any CPU
	EndGlobalSection
	GlobalSection(ProjectConfigurationPlatforms) = postSolution
		{719D5159-CCA5-4572-A9E3-89F719C93BC1}.Debug|Any CPU.ActiveCfg = Debug|Any CPU
		{719D5159-CCA5-4572-A9E3-89F719C93BC1}.Debug|Any CPU.Build.0 = Debug|Any CPU
		{719D5159-CCA5-4572-A9E3-89F719C93BC1}.Release|Any CPU.ActiveCfg = Release|Any CPU
		{719D5159-CCA5-4572-A9E3-89F719C93BC1}.Release|Any CPU.Build.0 = Release|Any CPU
	EndGlobalSection
	GlobalSection(SolutionProperties) = preSolution
		HideSolutionNode = FALSE
	EndGlobalSection
	GlobalSection(ExtensibilityGlobals) = postSolution
		SolutionGuid = {1C65CDCA-A44B-4DC4-9126-FADC2823FEAC}
	EndGlobalSection
EndGlobal
