
Microsoft Visual Studio Solution File, Format Version 12.00
# Visual Studio Version 17
VisualStudioVersion = 17.13.35931.197 d17.13
MinimumVisualStudioVersion = 10.0.40219.1
Project("{FAE04EC0-301F-11D3-BF4B-00C04F79EFBC}") = "SyntaxWinApp01", "SyntaxWinApp01\SyntaxWinApp01.csproj", "{52CA5A63-6706-4879-9BC8-C7C04EA8808D}"
EndProject
Project("{FAE04EC0-301F-11D3-BF4B-00C04F79EFBC}") = "SyntaxWinApp02", "SyntaxWinApp02\SyntaxWinApp02.csproj", "{556401A2-9A71-44F3-86AB-FFCCEFF86AD7}"
EndProject
Global
	GlobalSection(SolutionConfigurationPlatforms) = preSolution
		Debug|Any CPU = Debug|Any CPU
		Release|Any CPU = Release|Any CPU
	EndGlobalSection
	GlobalSection(ProjectConfigurationPlatforms) = postSolution
		{52CA5A63-6706-4879-9BC8-C7C04EA8808D}.Debug|Any CPU.ActiveCfg = Debug|Any CPU
		{52CA5A63-6706-4879-9BC8-C7C04EA8808D}.Debug|Any CPU.Build.0 = Debug|Any CPU
		{52CA5A63-6706-4879-9BC8-C7C04EA8808D}.Release|Any CPU.ActiveCfg = Release|Any CPU
		{52CA5A63-6706-4879-9BC8-C7C04EA8808D}.Release|Any CPU.Build.0 = Release|Any CPU
		{556401A2-9A71-44F3-86AB-FFCCEFF86AD7}.Debug|Any CPU.ActiveCfg = Debug|Any CPU
		{556401A2-9A71-44F3-86AB-FFCCEFF86AD7}.Debug|Any CPU.Build.0 = Debug|Any CPU
		{556401A2-9A71-44F3-86AB-FFCCEFF86AD7}.Release|Any CPU.ActiveCfg = Release|Any CPU
		{556401A2-9A71-44F3-86AB-FFCCEFF86AD7}.Release|Any CPU.Build.0 = Release|Any CPU
	EndGlobalSection
	GlobalSection(SolutionProperties) = preSolution
		HideSolutionNode = FALSE
	EndGlobalSection
	GlobalSection(ExtensibilityGlobals) = postSolution
		SolutionGuid = {30AACCAA-C318-43C4-B39B-A1BD91892148}
	EndGlobalSection
EndGlobal
